
Microsoft Visual Studio Solution File, Format Version 12.00
# Visual Studio Version 17
VisualStudioVersion = 17.4.33122.133
MinimumVisualStudioVersion = 10.0.40219.1
Project("{FAE04EC0-301F-11D3-BF4B-00C04F79EFBC}") = "Pernote", "Pernote\Pernote.csproj", "{04016FC8-191A-44C3-A1D4-C2AA3576A8E0}"
EndProject
Global
	GlobalSection(SolutionConfigurationPlatforms) = preSolution
		Debug|Any CPU = Debug|Any CPU
		Release|Any CPU = Release|Any CPU
	EndGlobalSection
	GlobalSection(ProjectConfigurationPlatforms) = postSolution
		{04016FC8-191A-44C3-A1D4-C2AA3576A8E0}.Debug|Any CPU.ActiveCfg = Debug|Any CPU
		{04016FC8-191A-44C3-A1D4-C2AA3576A8E0}.Debug|Any CPU.Build.0 = Debug|Any CPU
		{04016FC8-191A-44C3-A1D4-C2AA3576A8E0}.Release|Any CPU.ActiveCfg = Release|Any CPU
		{04016FC8-191A-44C3-A1D4-C2AA3576A8E0}.Release|Any CPU.Build.0 = Release|Any CPU
	EndGlobalSection
	GlobalSection(SolutionProperties) = preSolution
		HideSolutionNode = FALSE
	EndGlobalSection
	GlobalSection(ExtensibilityGlobals) = postSolution
		SolutionGuid = {0832E347-C2E7-4E84-AD88-D08A4D87F89A}
	EndGlobalSection
EndGlobal
